{
  "name": "pxt-neopixel-extras",
  "version": "0.0.1",
  "lockfileVersion": 3,
  "requires": true,
  "packages": {
    "": {
      "name": "pxt-neopixel-extras",
      "version": "0.0.1",
      "license": "MIT",
      "dependencies": {
        "pxt": "^0.5.1"
      }
    },
    "node_modules/pxt": {
      "version": "0.5.1",
      "resolved": "https://registry.npmjs.org/pxt/-/pxt-0.5.1.tgz",
      "integrity": "sha512-QENdbw5oLbEXBxy2fv5H2Hm06qD0cQu2VbL6zPV7JOiWr9+7425P3+FE/fJiomlrUeziUg+99u8qvWpH5pJ8EQ==",
      "bin": {
        "pxt": "pxt"
      },
      "engines": {
        "node": ">= 4.4.5"
      }
    }
  }
}
